
Microsoft Visual Studio Solution File, Format Version 12.00
# Visual Studio Version 16
VisualStudioVersion = 16.0.31624.102
MinimumVisualStudioVersion = 10.0.40219.1
Project("{FAE04EC0-301F-11D3-BF4B-00C04F79EFBC}") = "GenericDelegatesHW_Lesson13", "GenericDelegatesHW_Lesson13\GenericDelegatesHW_Lesson13.csproj", "{67BFBB35-6420-492E-AD9D-2CAE16964BD5}"
EndProject
Global
	GlobalSection(SolutionConfigurationPlatforms) = preSolution
		Debug|Any CPU = Debug|Any CPU
		Release|Any CPU = Release|Any CPU
	EndGlobalSection
	GlobalSection(ProjectConfigurationPlatforms) = postSolution
		{67BFBB35-6420-492E-AD9D-2CAE16964BD5}.Debug|Any CPU.ActiveCfg = Debug|Any CPU
		{67BFBB35-6420-492E-AD9D-2CAE16964BD5}.Debug|Any CPU.Build.0 = Debug|Any CPU
		{67BFBB35-6420-492E-AD9D-2CAE16964BD5}.Release|Any CPU.ActiveCfg = Release|Any CPU
		{67BFBB35-6420-492E-AD9D-2CAE16964BD5}.Release|Any CPU.Build.0 = Release|Any CPU
	EndGlobalSection
	GlobalSection(SolutionProperties) = preSolution
		HideSolutionNode = FALSE
	EndGlobalSection
	GlobalSection(ExtensibilityGlobals) = postSolution
		SolutionGuid = {F0C78F38-58C1-4A1B-ACE4-3E6C53166AA9}
	EndGlobalSection
EndGlobal
